<?xml version="1.0" encoding="UTF-8"?>
<Project ToolsVersion="14.0" xmlns="http://schemas.microsoft.com/developer/msbuild/2003">
  <ItemGroup>
    <ClCompile Include="E:\VC Projects\MutationTree\MutationTree\Constraints.cpp">
      <Filter>Source Files</Filter>
    </ClCompile>
    <ClCompile Include="E:\VC Projects\MutationTree\MutationTree\ConstraintsDlg.cpp">
      <Filter>Source Files</Filter>
    </ClCompile>
    <ClCompile Include="E:\VC Projects\MutationTree\MutationTree\CSVFile.cpp">
      <Filter>Source Files</Filter>
    </ClCompile>
    <ClCompile Include="E:\VC Projects\MutationTree\MutationTree\MutationTree.cpp">
      <Filter>Source Files</Filter>
    </ClCompile>
    <ClCompile Include="E:\VC Projects\MutationTree\MutationTree\MutationTreeDlg.cpp">
      <Filter>Source Files</Filter>
    </ClCompile>
    <ClCompile Include="E:\VC Projects\MutationTree\MutationTree\OpenCsvDlg.cpp">
      <Filter>Source Files</Filter>
    </ClCompile>
    <ClCompile Include="E:\VC Projects\MutationTree\MutationTree\stdafx.cpp">
      <Filter>Source Files</Filter>
    </ClCompile>
    <ClCompile Include="E:\VC Projects\MutationTree\MutationTree\TreeDiagram.cpp">
      <Filter>Source Files</Filter>
    </ClCompile>
    <ClCompile Include="E:\VC Projects\MutationTree\MutationTree\TreeFactory.cpp">
      <Filter>Source Files</Filter>
    </ClCompile>
  </ItemGroup>
  <ItemGroup>
    <ClInclude Include="E:\VC Projects\MutationTree\MutationTree\Constraints.h">
      <Filter>Header Files</Filter>
    </ClInclude>
    <ClInclude Include="E:\VC Projects\MutationTree\MutationTree\ConstraintsDlg.h">
      <Filter>Header Files</Filter>
    </ClInclude>
    <ClInclude Include="E:\VC Projects\MutationTree\MutationTree\CSVFile.h">
      <Filter>Header Files</Filter>
    </ClInclude>
    <ClInclude Include="E:\VC Projects\MutationTree\MutationTree\MutationTree.h">
      <Filter>Header Files</Filter>
    </ClInclude>
    <ClInclude Include="E:\VC Projects\MutationTree\MutationTree\MutationTreeDlg.h">
      <Filter>Header Files</Filter>
    </ClInclude>
    <ClInclude Include="E:\VC Projects\MutationTree\MutationTree\OpenCsvDlg.h">
      <Filter>Header Files</Filter>
    </ClInclude>
    <ClInclude Include="E:\VC Projects\MutationTree\MutationTree\OpenCSVDLRc.h">
      <Filter>Header Files</Filter>
    </ClInclude>
    <ClInclude Include="E:\VC Projects\MutationTree\MutationTree\resource.h">
      <Filter>Header Files</Filter>
    </ClInclude>
    <ClInclude Include="E:\VC Projects\MutationTree\MutationTree\stdafx.h">
      <Filter>Header Files</Filter>
    </ClInclude>
    <ClInclude Include="E:\VC Projects\MutationTree\MutationTree\targetver.h">
      <Filter>Header Files</Filter>
    </ClInclude>
    <ClInclude Include="E:\VC Projects\MutationTree\MutationTree\TreeDiagram.h">
      <Filter>Header Files</Filter>
    </ClInclude>
    <ClInclude Include="E:\VC Projects\MutationTree\MutationTree\TreeFactory.h">
      <Filter>Header Files</Filter>
    </ClInclude>
    <ClInclude Include="E:\VC Projects\MutationTree\MutationTree\VAF_CSVTree_struct.h">
      <Filter>Header Files</Filter>
    </ClInclude>
  </ItemGroup>
  <ItemGroup>
    <CustomBuild Include="E:\VC Projects\MutationTree\MutationTree\CMakeLists.txt" />
  </ItemGroup>
  <ItemGroup>
    <Filter Include="Source Files">
      <UniqueIdentifier>{F90B093A-F13E-3CD3-A555-6A9323483939}</UniqueIdentifier>
    </Filter>
    <Filter Include="Header Files">
      <UniqueIdentifier>{4EFA229D-14B7-371B-BC24-1E7A5B7F25D7}</UniqueIdentifier>
    </Filter>
  </ItemGroup>
</Project>
